
Microsoft Visual Studio Solution File, Format Version 11.00
# Visual Studio Version 17

Project("{8BC9CEB8-8B4A-11D0-8D11-00A0C91BC942}") = "Base - VST3", "Base_VST3.vcxproj", "{ECD1FF1B-E262-F10B-D196-7267794FB3D6}"
	ProjectSection(ProjectDependencies) = postProject
		{2F984515-77A7-DB7A-6151-B2BD85E9C085} = {2F984515-77A7-DB7A-6151-B2BD85E9C085}
	EndProjectSection
EndProject
Project("{8BC9CEB8-8B4A-11D0-8D11-00A0C91BC942}") = "Base - Shared Code", "Base_SharedCode.vcxproj", "{2F984515-77A7-DB7A-6151-B2BD85E9C085}"
EndProject
Global
	GlobalSection(SolutionConfigurationPlatforms) = preSolution
		Debug|x64 = Debug|x64
		Release|x64 = Release|x64
		Release32|Win32 = Release32|Win32
	EndGlobalSection
	GlobalSection(ProjectConfigurationPlatforms) = postSolution
		{ECD1FF1B-E262-F10B-D196-7267794FB3D6}.Debug|x64.ActiveCfg = Debug|x64
		{ECD1FF1B-E262-F10B-D196-7267794FB3D6}.Debug|x64.Build.0 = Debug|x64
		{ECD1FF1B-E262-F10B-D196-7267794FB3D6}.Release|x64.ActiveCfg = Release|x64
		{ECD1FF1B-E262-F10B-D196-7267794FB3D6}.Release|x64.Build.0 = Release|x64
		{ECD1FF1B-E262-F10B-D196-7267794FB3D6}.Release32|Win32.ActiveCfg = Release32|Win32
		{ECD1FF1B-E262-F10B-D196-7267794FB3D6}.Release32|Win32.Build.0 = Release32|Win32
		{2F984515-77A7-DB7A-6151-B2BD85E9C085}.Debug|x64.ActiveCfg = Debug|x64
		{2F984515-77A7-DB7A-6151-B2BD85E9C085}.Debug|x64.Build.0 = Debug|x64
		{2F984515-77A7-DB7A-6151-B2BD85E9C085}.Release|x64.ActiveCfg = Release|x64
		{2F984515-77A7-DB7A-6151-B2BD85E9C085}.Release|x64.Build.0 = Release|x64
		{2F984515-77A7-DB7A-6151-B2BD85E9C085}.Release32|Win32.ActiveCfg = Release32|Win32
		{2F984515-77A7-DB7A-6151-B2BD85E9C085}.Release32|Win32.Build.0 = Release32|Win32
	EndGlobalSection
	GlobalSection(SolutionProperties) = preSolution
		HideSolutionNode = FALSE
	EndGlobalSection
EndGlobal
