
Microsoft Visual Studio Solution File, Format Version 12.00
# Visual Studio Version 17
VisualStudioVersion = 17.0.31919.166
MinimumVisualStudioVersion = 10.0.40219.1
Project("{8BC9CEB8-8B4A-11D0-8D11-00A0C91BC942}") = "Spectral Gate_VST3", "..\SpectralGate\Builds\VisualStudio2022\Spectral Gate_VST3.vcxproj", "{ECD1FF1B-E262-F10B-D196-7267794FB3D6}"
	ProjectSection(ProjectDependencies) = postProject
		{2F984515-77A7-DB7A-6151-B2BD85E9C085} = {2F984515-77A7-DB7A-6151-B2BD85E9C085}
	EndProjectSection
EndProject
Project("{8BC9CEB8-8B4A-11D0-8D11-00A0C91BC942}") = "Spectral Gate_SharedCode", "..\SpectralGate\Builds\VisualStudio2022\Spectral Gate_SharedCode.vcxproj", "{2F984515-77A7-DB7A-6151-B2BD85E9C085}"
EndProject
Project("{54435603-DBB4-11D2-8724-00A0C9A8B90C}") = "SpectralSuiteInstaller", "SpectralSuiteInstaller\SpectralSuiteInstaller.vdproj", "{41A726E3-645D-41A5-82F9-0221724AE6E1}"
EndProject
Project("{8BC9CEB8-8B4A-11D0-8D11-00A0C91BC942}") = "Bin Scrambler_VST3", "..\BinScrambler\Builds\VisualStudio2022\Bin Scrambler_VST3.vcxproj", "{AD263019-4B6B-46CA-A39E-01EC80DFF804}"
	ProjectSection(ProjectDependencies) = postProject
		{E0CE24AB-E4E5-4F60-ADA9-19EC4055024B} = {E0CE24AB-E4E5-4F60-ADA9-19EC4055024B}
	EndProjectSection
EndProject
Project("{8BC9CEB8-8B4A-11D0-8D11-00A0C91BC942}") = "Bin Scrambler_SharedCode", "..\BinScrambler\Builds\VisualStudio2022\Bin Scrambler_SharedCode.vcxproj", "{E0CE24AB-E4E5-4F60-ADA9-19EC4055024B}"
EndProject
Global
	GlobalSection(SolutionConfigurationPlatforms) = preSolution
		Debug|x86 = Debug|x86
		Release|x86 = Release|x86
	EndGlobalSection
	GlobalSection(ProjectConfigurationPlatforms) = postSolution
		{ECD1FF1B-E262-F10B-D196-7267794FB3D6}.Debug|x86.ActiveCfg = Debug|Win32
		{ECD1FF1B-E262-F10B-D196-7267794FB3D6}.Debug|x86.Build.0 = Debug|Win32
		{ECD1FF1B-E262-F10B-D196-7267794FB3D6}.Release|x86.ActiveCfg = Release|Win32
		{ECD1FF1B-E262-F10B-D196-7267794FB3D6}.Release|x86.Build.0 = Release|Win32
		{2F984515-77A7-DB7A-6151-B2BD85E9C085}.Debug|x86.ActiveCfg = Debug|Win32
		{2F984515-77A7-DB7A-6151-B2BD85E9C085}.Debug|x86.Build.0 = Debug|Win32
		{2F984515-77A7-DB7A-6151-B2BD85E9C085}.Release|x86.ActiveCfg = Release|Win32
		{2F984515-77A7-DB7A-6151-B2BD85E9C085}.Release|x86.Build.0 = Release|Win32
		{41A726E3-645D-41A5-82F9-0221724AE6E1}.Debug|x86.ActiveCfg = Debug
		{41A726E3-645D-41A5-82F9-0221724AE6E1}.Debug|x86.Build.0 = Debug
		{41A726E3-645D-41A5-82F9-0221724AE6E1}.Release|x86.ActiveCfg = Release
		{41A726E3-645D-41A5-82F9-0221724AE6E1}.Release|x86.Build.0 = Release
		{AD263019-4B6B-46CA-A39E-01EC80DFF804}.Debug|x86.ActiveCfg = Debug|Win32
		{AD263019-4B6B-46CA-A39E-01EC80DFF804}.Debug|x86.Build.0 = Debug|Win32
		{AD263019-4B6B-46CA-A39E-01EC80DFF804}.Release|x86.ActiveCfg = Release|Win32
		{AD263019-4B6B-46CA-A39E-01EC80DFF804}.Release|x86.Build.0 = Release|Win32
		{E0CE24AB-E4E5-4F60-ADA9-19EC4055024B}.Debug|x86.ActiveCfg = Debug|Win32
		{E0CE24AB-E4E5-4F60-ADA9-19EC4055024B}.Debug|x86.Build.0 = Debug|Win32
		{E0CE24AB-E4E5-4F60-ADA9-19EC4055024B}.Release|x86.ActiveCfg = Release|Win32
		{E0CE24AB-E4E5-4F60-ADA9-19EC4055024B}.Release|x86.Build.0 = Release|Win32
	EndGlobalSection
	GlobalSection(SolutionProperties) = preSolution
		HideSolutionNode = FALSE
	EndGlobalSection
	GlobalSection(ExtensibilityGlobals) = postSolution
		SolutionGuid = {E59005DD-D9A8-47CF-954A-8C851504561F}
	EndGlobalSection
EndGlobal
